
Microsoft Visual Studio Solution File, Format Version 12.00
# Visual Studio Version 16
VisualStudioVersion = 16.0.32929.386
MinimumVisualStudioVersion = 10.0.40219.1
Project("{FAE04EC0-301F-11D3-BF4B-00C04F79EFBC}") = "Lab 19", "Lab 19\Lab 19.csproj", "{A618A2F3-6F6B-4BB7-A3C8-48B3A9178F42}"
EndProject
Global
	GlobalSection(SolutionConfigurationPlatforms) = preSolution
		Debug|Any CPU = Debug|Any CPU
		Release|Any CPU = Release|Any CPU
	EndGlobalSection
	GlobalSection(ProjectConfigurationPlatforms) = postSolution
		{A618A2F3-6F6B-4BB7-A3C8-48B3A9178F42}.Debug|Any CPU.ActiveCfg = Debug|Any CPU
		{A618A2F3-6F6B-4BB7-A3C8-48B3A9178F42}.Debug|Any CPU.Build.0 = Debug|Any CPU
		{A618A2F3-6F6B-4BB7-A3C8-48B3A9178F42}.Release|Any CPU.ActiveCfg = Release|Any CPU
		{A618A2F3-6F6B-4BB7-A3C8-48B3A9178F42}.Release|Any CPU.Build.0 = Release|Any CPU
	EndGlobalSection
	GlobalSection(SolutionProperties) = preSolution
		HideSolutionNode = FALSE
	EndGlobalSection
	GlobalSection(ExtensibilityGlobals) = postSolution
		SolutionGuid = {E89B54B5-855C-4968-887E-1D0E5BB45EE1}
	EndGlobalSection
EndGlobal
